
Microsoft Visual Studio Solution File, Format Version 12.00
# Visual Studio 2017
Project("{FAE04EC0-301F-11D3-BF4B-00C04F79EFBC}") = "First", "First.csproj", "{89C1E9E3-F76D-C27E-EF11-44EFC37C5F9C}"
EndProject
Global
	GlobalSection(SolutionConfigurationPlatforms) = preSolution
		Debug|Any CPU = Debug|Any CPU
		Release|Any CPU = Release|Any CPU
	EndGlobalSection
	GlobalSection(ProjectConfigurationPlatforms) = postSolution
		{89C1E9E3-F76D-C27E-EF11-44EFC37C5F9C}.Debug|Any CPU.ActiveCfg = Debug|Any CPU
		{89C1E9E3-F76D-C27E-EF11-44EFC37C5F9C}.Debug|Any CPU.Build.0 = Debug|Any CPU
		{89C1E9E3-F76D-C27E-EF11-44EFC37C5F9C}.Release|Any CPU.ActiveCfg = Release|Any CPU
		{89C1E9E3-F76D-C27E-EF11-44EFC37C5F9C}.Release|Any CPU.Build.0 = Release|Any CPU
	EndGlobalSection
	GlobalSection(SolutionProperties) = preSolution
		HideSolutionNode = FALSE
	EndGlobalSection
EndGlobal
